{
  "name": "peartube",
  "version": "0.4.0",
  "lockfileVersion": 3,
  "requires": true,
  "packages": {
    "": {
      "name": "peartube",
      "version": "0.4.0",
      "dependencies": {
        "@p2plabs/hyperdht-mdns": "^1.2.0",
        "autobee": "2.10.1",
        "b4a": "^1.8.0",
        "corestore": "^7.12.6",
        "hyperblobs": "^2.12.1",
        "hypercore-blob-server": "^1.15.0",
        "hyperswarm": "^4.17.2",
        "streamx": "^2.28.0"
      },
      "bin": {
        "peartube-relay": "bin/relay.js"
      },
      "devDependencies": {
        "hyperdht": "^6.34.0"
      },
      "engines": {
        "node": ">=22"
      }
    },
    "node_modules/@hyperswarm/secret-stream": {
      "version": "6.9.1",
      "license": "Apache-2.0",
      "dependencies": {
        "b4a": "^1.1.0",
        "hypercore-crypto": "^3.3.1",
        "noise-curve-ed": "^2.0.1",
        "noise-handshake": "^4.0.0",
        "sodium-secretstream": "^1.1.0",
        "sodium-universal": "^5.0.0",
        "streamx": "^2.14.0",
        "timeout-refresh": "^2.0.0",
        "unslab": "^1.3.0"
      }
    },
    "node_modules/@leichtgewicht/ip-codec": {
      "version": "2.0.5",
      "resolved": "https://registry.npmjs.org/@leichtgewicht/ip-codec/-/ip-codec-2.0.5.tgz",
      "integrity": "sha512-Vo+PSpZG2/fmgmiNzYK9qWRh8h/CHrwD0mo1h1DzL4yzHNSfWYujGTYsWGreD000gcgmZ7K4Ys6Tx9TxtsKdDw==",
      "license": "MIT"
    },
    "node_modules/@p2plabs/hyperdht-mdns": {
      "version": "1.2.0",
      "resolved": "https://registry.npmjs.org/@p2plabs/hyperdht-mdns/-/hyperdht-mdns-1.2.0.tgz",
      "integrity": "sha512-mbHojshbNdVVGvkk954grT5bV+ktvGiqW5AaTA/SB3SZNPxz3mCPq5QBbIkxLieFgWBIO120jguhT44DQJjMsQ==",
      "license": "MIT",
      "dependencies": {
        "bonjour-service": "^1.3.0",
        "compact-encoding": "^3.3.0",
        "hyperdht": "^6.26.0",
        "hyperswarm": "^4.15.0",
        "protomux": "^3.11.0"
      },
      "bin": {
        "hyperdht-mdns-chat": "examples/three-box-chat.js"
      },
      "engines": {
        "node": ">=20"
      }
    },
    "node_modules/adaptive-timeout": {
      "version": "1.0.1",
      "resolved": "https://registry.npmjs.org/adaptive-timeout/-/adaptive-timeout-1.0.1.tgz",
      "integrity": "sha512-+seGiBtHqbnyZ0Quq/ZGxxwP66153WBABawa07/QeyuPFzbduPBjiGQAyCiriiLDzt3dkbMBskSlfqtRwblK8Q==",
      "license": "Apache-2.0",
      "dependencies": {
        "xache": "^1.2.1"
      }
    },
    "node_modules/autobee": {
      "version": "2.10.1",
      "resolved": "https://registry.npmjs.org/autobee/-/autobee-2.10.1.tgz",
      "integrity": "sha512-LeURZJeVtxhKsNMl7Fyh4VAabYJUYYQlXX2l+/5EMPiqTdR/OhAvuM2SeyUT6qNLwxVyrvBxtnnlq9resq4q5w==",
      "license": "Apache-2.0",
      "dependencies": {
        "autobee-encryption": "^0.1.2",
        "autobee-wakeup": "^1.1.3",
        "b4a": "^1.8.0",
        "compact-encoding": "^3.3.0",
        "hyperbee2": "^2.16.0",
        "hypercore": "^11.33.2",
        "hypercore-id-encoding": "^1.3.0",
        "hyperschema": "^1.26.2",
        "read-write-mutexify": "^2.1.0",
        "ready-guard": "^1.0.0",
        "ready-resource": "^1.2.0",
        "resolve-reject-promise": "^1.1.0",
        "safety-catch": "^1.0.3",
        "sodium-native": "^5.1.0"
      }
    },
    "node_modules/autobee-encryption": {
      "version": "0.1.4",
      "resolved": "https://registry.npmjs.org/autobee-encryption/-/autobee-encryption-0.1.4.tgz",
      "integrity": "sha512-/c6TBFWANs1PdASn7UGUbocdNHrbTDMZ00lPtyTsUEmg61Gr9hqubQ0FKT9taBITfZsVDhC04SFwbD5KsbLj3Q==",
      "license": "Apache-2.0",
      "dependencies": {
        "b4a": "^1.8.0",
        "compact-encoding": "^3.4.0",
        "hypercore": "^11.27.14",
        "hypercore-crypto": "^3.6.1",
        "sodium-universal": "^5.0.1"
      }
    },
    "node_modules/autobee-wakeup": {
      "version": "1.2.1",
      "resolved": "https://registry.npmjs.org/autobee-wakeup/-/autobee-wakeup-1.2.1.tgz",
      "integrity": "sha512-UrX4E1j5wj4dLcujM40E9LSs12bs120EuNhhB6Dq5m8J3bwGNnNxrgWrEx70B7XA/PTmLBojTogqQb5BvSu2nw==",
      "license": "Apache-2.0",
      "dependencies": {
        "b4a": "^1.8.0",
        "core-coupler": "^2.0.0",
        "protomux-wakeup": "^2.9.0",
        "ready-resource": "^1.2.0"
      }
    },
    "node_modules/b4a": {
      "version": "1.8.1",
      "license": "Apache-2.0",
      "peerDependencies": {
        "react-native-b4a": "*"
      },
      "peerDependenciesMeta": {
        "react-native-b4a": {
          "optional": true
        }
      }
    },
    "node_modules/bare-addon-resolve": {
      "version": "1.10.0",
      "license": "Apache-2.0",
      "dependencies": {
        "bare-module-resolve": "^1.10.0",
        "bare-semver": "^1.0.0"
      },
      "peerDependencies": {
        "bare-url": "*"
      },
      "peerDependenciesMeta": {
        "bare-url": {
          "optional": true
        }
      }
    },
    "node_modules/bare-ansi-escapes": {
      "version": "2.2.3",
      "license": "Apache-2.0",
      "dependencies": {
        "bare-stream": "^2.6.5"
      },
      "peerDependencies": {
        "bare-buffer": "*"
      },
      "peerDependenciesMeta": {
        "bare-buffer": {
          "optional": true
        }
      }
    },
    "node_modules/bare-assert": {
      "version": "1.2.0",
      "license": "Apache-2.0",
      "dependencies": {
        "bare-inspect": "^3.1.2"
      }
    },
    "node_modules/bare-dns": {
      "version": "2.1.4",
      "license": "Apache-2.0",
      "engines": {
        "bare": ">=1.7.0"
      }
    },
    "node_modules/bare-events": {
      "version": "2.9.1",
      "license": "Apache-2.0",
      "peerDependencies": {
        "bare-abort-controller": "*"
      },
      "peerDependenciesMeta": {
        "bare-abort-controller": {
          "optional": true
        }
      }
    },
    "node_modules/bare-fs": {
      "version": "4.7.2",
      "license": "Apache-2.0",
      "dependencies": {
        "bare-events": "^2.5.4",
        "bare-path": "^3.0.0",
        "bare-stream": "^2.6.4",
        "bare-url": "^2.2.2",
        "fast-fifo": "^1.3.2"
      },
      "engines": {
        "bare": ">=1.16.0"
      },
      "peerDependencies": {
        "bare-buffer": "*"
      },
      "peerDependenciesMeta": {
        "bare-buffer": {
          "optional": true
        }
      }
    },
    "node_modules/bare-http-parser": {
      "version": "1.1.5",
      "license": "Apache-2.0"
    },
    "node_modules/bare-http1": {
      "version": "4.5.7",
      "license": "Apache-2.0",
      "dependencies": {
        "bare-events": "^2.6.0",
        "bare-http-parser": "^1.1.1",
        "bare-stream": "^2.10.0",
        "bare-tcp": "^2.2.0"
      },
      "peerDependencies": {
        "bare-buffer": "*",
        "bare-url": "*"
      },
      "peerDependenciesMeta": {
        "bare-buffer": {
          "optional": true
        },
        "bare-url": {
          "optional": true
        }
      }
    },
    "node_modules/bare-inspect": {
      "version": "3.1.4",
      "license": "Apache-2.0",
      "dependencies": {
        "bare-ansi-escapes": "^2.1.0",
        "bare-type": "^1.0.0"
      },
      "engines": {
        "bare": ">=1.18.0"
      }
    },
    "node_modules/bare-module-resolve": {
      "version": "1.12.2",
      "license": "Apache-2.0",
      "dependencies": {
        "bare-semver": "^1.0.0"
      },
      "peerDependencies": {
        "bare-url": "*"
      },
      "peerDependenciesMeta": {
        "bare-url": {
          "optional": true
        }
      }
    },
    "node_modules/bare-os": {
      "version": "3.9.1",
      "license": "Apache-2.0",
      "engines": {
        "bare": ">=1.14.0"
      }
    },
    "node_modules/bare-path": {
      "version": "3.0.1",
      "license": "Apache-2.0",
      "dependencies": {
        "bare-os": "^3.0.1"
      }
    },
    "node_modules/bare-semver": {
      "version": "1.0.3",
      "license": "Apache-2.0"
    },
    "node_modules/bare-stream": {
      "version": "2.13.3",
      "license": "Apache-2.0",
      "dependencies": {
        "b4a": "^1.8.1",
        "streamx": "^2.25.0",
        "teex": "^1.0.1"
      },
      "peerDependencies": {
        "bare-abort-controller": "*",
        "bare-buffer": "*",
        "bare-events": "*"
      },
      "peerDependenciesMeta": {
        "bare-abort-controller": {
          "optional": true
        },
        "bare-buffer": {
          "optional": true
        },
        "bare-events": {
          "optional": true
        }
      }
    },
    "node_modules/bare-tcp": {
      "version": "2.5.1",
      "license": "Apache-2.0",
      "dependencies": {
        "bare-dns": "^2.0.4",
        "bare-events": "^2.5.4",
        "bare-stream": "^2.6.4"
      },
      "engines": {
        "bare": ">=1.16.0"
      },
      "peerDependencies": {
        "bare-pipe": "*"
      },
      "peerDependenciesMeta": {
        "bare-pipe": {
          "optional": true
        }
      }
    },
    "node_modules/bare-type": {
      "version": "1.1.0",
      "license": "Apache-2.0",
      "engines": {
        "bare": ">=1.2.0"
      }
    },
    "node_modules/bare-url": {
      "version": "2.4.5",
      "license": "Apache-2.0",
      "dependencies": {
        "bare-path": "^3.0.0"
      }
    },
    "node_modules/big-sparse-array": {
      "version": "1.0.3",
      "license": "MIT"
    },
    "node_modules/bits-to-bytes": {
      "version": "1.3.0",
      "resolved": "https://registry.npmjs.org/bits-to-bytes/-/bits-to-bytes-1.3.0.tgz",
      "integrity": "sha512-OJoHTpFXS9bXHBCekGTByf3MqM8CGblBDIduKQeeVVeiU9dDWywSSirXIBYGgg3d1zbVuvnMa1vD4r6PA0kOKg==",
      "license": "ISC",
      "dependencies": {
        "b4a": "^1.5.0"
      }
    },
    "node_modules/blind-relay": {
      "version": "1.6.1",
      "resolved": "https://registry.npmjs.org/blind-relay/-/blind-relay-1.6.1.tgz",
      "integrity": "sha512-38YmKCl/m9NcTkwueBbcGIt9Zx3IT/Q9Nsluu6C5Gur6PqfE0zWPhPwCzia1hri/g0ICYxrqkgLtEaoWD5WeSQ==",
      "license": "Apache-2.0",
      "dependencies": {
        "b4a": "^1.6.4",
        "bare-events": "^2.2.0",
        "bits-to-bytes": "^1.3.0",
        "compact-encoding": "^3.0.0",
        "compact-encoding-bitfield": "^1.0.0",
        "protomux": "^3.5.1",
        "sodium-universal": "^5.0.0",
        "streamx": "^2.15.1"
      }
    },
    "node_modules/bogon": {
      "version": "1.3.0",
      "resolved": "https://registry.npmjs.org/bogon/-/bogon-1.3.0.tgz",
      "integrity": "sha512-04tu0G/v0f2HPuQlSfhO635WwHDBCaITJ490rhxH9ttUlgPqOirZVKV02YB6NvPf5VkmbqJCm3bnZwrPk/eDSg==",
      "license": "MIT",
      "dependencies": {
        "compact-encoding": "^3.0.0",
        "compact-encoding-net": "^1.2.0"
      }
    },
    "node_modules/bonjour-service": {
      "version": "1.4.4",
      "resolved": "https://registry.npmjs.org/bonjour-service/-/bonjour-service-1.4.4.tgz",
      "integrity": "sha512-jCZcVv7eoc4QesRscwEZtSROBen+6LpKAmBIsQYQrsAeVHLyMXWX/t6eIV5KiRZYNUBl8eVqImEEMQ8L5+c/Kw==",
      "license": "MIT",
      "dependencies": {
        "fast-deep-equal": "^3.1.3",
        "multicast-dns": "^7.2.5"
      }
    },
    "node_modules/codecs": {
      "version": "3.1.0",
      "license": "MIT",
      "dependencies": {
        "b4a": "^1.6.3"
      }
    },
    "node_modules/compact-encoding": {
      "version": "3.5.0",
      "resolved": "https://registry.npmjs.org/compact-encoding/-/compact-encoding-3.5.0.tgz",
      "integrity": "sha512-X7yaWh0NNMVB2YXAWSTWjYU3WXvDTniKxbtQlisbXOVutIE6awd+zCQdNqScTjIXv9m9orqdlri+oaWWsKqTuA==",
      "license": "Apache-2.0",
      "dependencies": {
        "b4a": "^1.3.0"
      }
    },
    "node_modules/compact-encoding-bitfield": {
      "version": "1.1.0",
      "resolved": "https://registry.npmjs.org/compact-encoding-bitfield/-/compact-encoding-bitfield-1.1.0.tgz",
      "integrity": "sha512-F6wliSKHi50BsBStmnsRJAzJgYSIYzdfSe3M0oHj4uQ1RcctJK/NQVD7wF51bj/DBMne2i5gUxrGUFkNZQns5w==",
      "license": "Apache-2.0",
      "dependencies": {
        "compact-encoding": "^3.0.0"
      }
    },
    "node_modules/compact-encoding-net": {
      "version": "1.3.0",
      "resolved": "https://registry.npmjs.org/compact-encoding-net/-/compact-encoding-net-1.3.0.tgz",
      "integrity": "sha512-HIYjL3aMiSENApR691aMLngXt6rkTHb9HUkEukcx3YwIZpoMUVXHXyjBzoo9kVwC7KakooBA1RRWb46Cu6qtAQ==",
      "license": "Apache-2.0",
      "dependencies": {
        "compact-encoding": "^3.0.0"
      }
    },
    "node_modules/core-coupler": {
      "version": "2.0.0",
      "resolved": "https://registry.npmjs.org/core-coupler/-/core-coupler-2.0.0.tgz",
      "integrity": "sha512-FJuEvsdCMwx0Wu+gFQ49rGCi8LCXh8kizHsCQwkdgPZFEFiF0z2HDvyIs+fPt5wMIfU2UVFDuN+dtpfbIxJE6g==",
      "license": "Apache-2.0",
      "dependencies": {
        "safety-catch": "^1.0.2"
      }
    },
    "node_modules/corestore": {
      "version": "7.12.6",
      "resolved": "https://registry.npmjs.org/corestore/-/corestore-7.12.6.tgz",
      "integrity": "sha512-2j0Z1JyjbEl44b2CvhBafww4PMYVqfGRsh3x/PLzb1tkgARe1ARHOgE0V3uybpe5a7wEKynmGuMtsntdi5rMsQ==",
      "license": "MIT",
      "dependencies": {
        "b4a": "^1.6.7",
        "bare-events": "^2.8.3",
        "hypercore": "^11.35.4",
        "hypercore-crypto": "^3.4.2",
        "hypercore-errors": "^1.4.0",
        "hypercore-id-encoding": "^1.3.0",
        "ready-resource": "^1.1.1",
        "sodium-universal": "^5.0.1",
        "streamx": "^2.26.0",
        "which-runtime": "^1.2.1"
      }
    },
    "node_modules/debounceify": {
      "version": "1.1.0",
      "license": "MIT"
    },
    "node_modules/device-file": {
      "version": "2.3.1",
      "resolved": "https://registry.npmjs.org/device-file/-/device-file-2.3.1.tgz",
      "integrity": "sha512-bmON44lwxJPle9N2OcH4tqM44pMGZKT8G6OkzXkz0urvqQ9LKkoQdTS6w0ztYfmLdUE27R4UUmx0+y2gEz4Jug==",
      "license": "Apache-2.0",
      "dependencies": {
        "b4a": "^1.6.7",
        "bare-fs": "^4.0.1",
        "bare-path": "^3.0.0",
        "fd-lock": "^2.1.0",
        "fs-native-extensions": "^1.4.0",
        "ready-resource": "^1.2.0"
      }
    },
    "node_modules/dht-rpc": {
      "version": "6.27.0",
      "resolved": "https://registry.npmjs.org/dht-rpc/-/dht-rpc-6.27.0.tgz",
      "integrity": "sha512-NsfgRlFDQnkA2+H+hJXMPLmBOn/TSIIc0cRMV8q42M4xc1uAXWtpvIIQsONF5tYcYC6px0bslrUGideN1h4S4A==",
      "license": "MIT",
      "dependencies": {
        "adaptive-timeout": "^1.0.1",
        "b4a": "^1.6.1",
        "bare-events": "^2.2.0",
        "compact-encoding": "^3.0.0",
        "compact-encoding-net": "^1.2.0",
        "fast-fifo": "^1.1.0",
        "kademlia-routing-table": "^1.0.1",
        "nat-sampler": "^1.0.1",
        "sodium-universal": "^5.0.0",
        "streamx": "^2.13.2",
        "time-ordered-set": "^2.0.0",
        "udx-native": "^1.5.3"
      }
    },
    "node_modules/dns-packet": {
      "version": "5.6.1",
      "resolved": "https://registry.npmjs.org/dns-packet/-/dns-packet-5.6.1.tgz",
      "integrity": "sha512-l4gcSouhcgIKRvyy99RNVOgxXiicE+2jZoNmaNmZ6JXiGajBOJAesk1OBlJuM5k2c+eudGdLxDqXuPCKIj6kpw==",
      "license": "MIT",
      "dependencies": {
        "@leichtgewicht/ip-codec": "^2.0.1"
      },
      "engines": {
        "node": ">=6"
      }
    },
    "node_modules/events-universal": {
      "version": "1.0.1",
      "license": "Apache-2.0",
      "dependencies": {
        "bare-events": "^2.7.0"
      }
    },
    "node_modules/fast-deep-equal": {
      "version": "3.1.3",
      "resolved": "https://registry.npmjs.org/fast-deep-equal/-/fast-deep-equal-3.1.3.tgz",
      "integrity": "sha512-f3qQ9oQy9j2AhBe/H9VC91wLmKBCCU/gDOnKNAYG5hswO7BLKj09Hc5HYNz9cGI++xlpDCIgDaitVs03ATR84Q==",
      "license": "MIT"
    },
    "node_modules/fast-fifo": {
      "version": "1.3.2",
      "license": "MIT"
    },
    "node_modules/fd-lock": {
      "version": "2.2.0",
      "resolved": "https://registry.npmjs.org/fd-lock/-/fd-lock-2.2.0.tgz",
      "integrity": "sha512-Il4jWBhjjgvUg+z8d0bC7ncXqB42caqKTUpnZ9jpcqiPmw8bkIixt7Kic1czbZPMxAQD/9kEqfZ5Dq77nSll0w==",
      "license": "Apache-2.0",
      "dependencies": {
        "bare-fs": "^4.5.0",
        "fs-native-extensions": "^1.4.4",
        "ready-resource": "^1.2.0",
        "resource-on-exit": "^1.0.0"
      }
    },
    "node_modules/flat-tree": {
      "version": "1.13.0",
      "resolved": "https://registry.npmjs.org/flat-tree/-/flat-tree-1.13.0.tgz",
      "integrity": "sha512-fT3HIuCPwHhFgJ20QYzDHgUG0zMmFg5cHvFiFo5h+QMSJ28TihsEVY0f8HGliuO+pOzmvjMx1odToeaEWkTnyQ==",
      "license": "MIT"
    },
    "node_modules/fs-native-extensions": {
      "version": "1.5.1",
      "resolved": "https://registry.npmjs.org/fs-native-extensions/-/fs-native-extensions-1.5.1.tgz",
      "integrity": "sha512-abjiHKkYdcH5M9ikBEJb0MKb/fEpPtZx/yfLHzTptvUAoiFayX0tIe0BTLBU4SAoRyjZLzA0dP1Rn2p0+QRyVg==",
      "license": "Apache-2.0",
      "dependencies": {
        "require-addon": "^1.1.0",
        "which-runtime": "^1.2.0"
      }
    },
    "node_modules/generate-object-property": {
      "version": "2.0.0",
      "license": "MIT",
      "dependencies": {
        "is-property": "^1.0.0"
      }
    },
    "node_modules/generate-string": {
      "version": "1.0.1",
      "license": "MIT"
    },
    "node_modules/get-mime-type": {
      "version": "2.0.2",
      "license": "Apache-2.0"
    },
    "node_modules/hyperbee": {
      "version": "2.27.3",
      "license": "MIT",
      "dependencies": {
        "b4a": "^1.6.0",
        "codecs": "^3.0.0",
        "debounceify": "^1.0.0",
        "hypercore-errors": "^1.0.0",
        "mutexify": "^1.4.0",
        "protocol-buffers-encodings": "^1.2.0",
        "rache": "^1.0.0",
        "ready-resource": "^1.0.0",
        "resolve-reject-promise": "^1.1.0",
        "safety-catch": "^1.0.2",
        "streamx": "^2.12.4",
        "unslab": "^1.2.0"
      }
    },
    "node_modules/hyperbee2": {
      "version": "2.16.0",
      "resolved": "https://registry.npmjs.org/hyperbee2/-/hyperbee2-2.16.0.tgz",
      "integrity": "sha512-xnSMK2MsfMtpa39z2QzXe+Rt4QV2RtIPOk16rY0PvoZ7zJ1v3ynZu05Tx1P1Lhf1Yis7O5GRDKPqYWp7vuHTNw==",
      "license": "Apache-2.0",
      "dependencies": {
        "b4a": "^1.6.7",
        "bare-events": "^2.8.2",
        "compact-encoding": "^3.0.0",
        "hypercore": "^11.29.0",
        "hypercore-errors": "^1.5.0",
        "hyperschema": "^1.26.1",
        "protocol-buffers-encodings": "^1.2.0",
        "scope-lock": "^1.2.4",
        "streamx": "^2.22.1"
      }
    },
    "node_modules/hyperblobs": {
      "version": "2.12.1",
      "resolved": "https://registry.npmjs.org/hyperblobs/-/hyperblobs-2.12.1.tgz",
      "integrity": "sha512-iX5sPkL/3eDphUkMxTG43xZGEER+cVLAFbuNIQpk/WVK8CTWnmaoCYP/+94RaFFh5U7HeGoDYidQbv6E7LeAvw==",
      "license": "Apache-2.0",
      "dependencies": {
        "b4a": "^1.6.1",
        "bare-events": "^2.5.0",
        "compact-encoding": "^3.0.0",
        "hypercore-crypto": "^3.6.1",
        "hypercore-errors": "^1.1.1",
        "mutexify": "^1.4.0",
        "speedometer": "^1.1.0",
        "streamx": "^2.13.2"
      }
    },
    "node_modules/hypercore": {
      "version": "11.36.1",
      "resolved": "https://registry.npmjs.org/hypercore/-/hypercore-11.36.1.tgz",
      "integrity": "sha512-GtwsuF66ud4mQFvjb3VAW+smWYqqDj6c/nu4s/StLnUqsl0HMSK5bDPm9s/QsS25mkdsU3CUJlJlViwT75bvrg==",
      "license": "MIT",
      "dependencies": {
        "@hyperswarm/secret-stream": "^6.0.0",
        "b4a": "^1.1.0",
        "bare-events": "^2.2.0",
        "big-sparse-array": "^1.0.3",
        "compact-encoding": "^3.0.0",
        "fast-fifo": "^1.3.0",
        "flat-tree": "^1.9.0",
        "hypercore-crypto": "^3.2.1",
        "hypercore-errors": "^1.5.0",
        "hypercore-id-encoding": "^1.2.0",
        "hypercore-storage": "^3.2.0",
        "is-options": "^1.0.1",
        "nanoassert": "^2.0.0",
        "protomux": "^3.5.0",
        "quickbit-universal": "^2.2.0",
        "random-array-iterator": "^1.0.0",
        "safety-catch": "^1.0.1",
        "sodium-universal": "^5.0.1",
        "streamx": "^2.12.4",
        "unslab": "^1.3.0",
        "z32": "^1.0.0"
      }
    },
    "node_modules/hypercore-blob-server": {
      "version": "1.15.0",
      "license": "Apache-2.0",
      "dependencies": {
        "bare-http1": "^4.0.2",
        "compact-encoding": "^3.0.0",
        "get-mime-type": "^2.0.2",
        "hyperbee": "^2.20.7",
        "hypercore": "^11.0.0",
        "hypercore-byte-stream": "^2.0.1",
        "hypercore-crypto": "^3.4.2",
        "hypercore-id-encoding": "^1.3.0",
        "listen-async": "^1.0.0",
        "ready-resource": "^1.1.1",
        "speedometer": "^1.1.0",
        "streamx": "^2.21.1",
        "sub-encoder": "^2.1.3",
        "unix-path-resolve": "^1.0.2",
        "xache": "^1.2.1",
        "z32": "^1.1.0"
      }
    },
    "node_modules/hypercore-byte-stream": {
      "version": "2.0.3",
      "license": "Apache-2.0",
      "dependencies": {
        "hypercore-errors": "^1.4.0",
        "streamx": "^2.21.1"
      }
    },
    "node_modules/hypercore-crypto": {
      "version": "3.7.0",
      "license": "MIT",
      "dependencies": {
        "b4a": "^1.6.6",
        "compact-encoding": "^3.0.0",
        "sodium-universal": "^5.0.0"
      }
    },
    "node_modules/hypercore-errors": {
      "version": "1.5.0",
      "license": "Apache-2.0",
      "dependencies": {
        "hypercore-id-encoding": "^1.3.0"
      }
    },
    "node_modules/hypercore-id-encoding": {
      "version": "1.3.0",
      "license": "Apache-2.0",
      "dependencies": {
        "b4a": "^1.5.3",
        "z32": "^1.0.0"
      }
    },
    "node_modules/hypercore-storage": {
      "version": "3.3.1",
      "resolved": "https://registry.npmjs.org/hypercore-storage/-/hypercore-storage-3.3.1.tgz",
      "integrity": "sha512-JQsJVdoNiLI1dBK5ryUC/XfP32MAzQk87jM7fXyatp6hZHMQLE6pGLh5D7kSo/7QqBf+GFgBAnqKwndkvfd4mQ==",
      "license": "Apache-2.0",
      "dependencies": {
        "b4a": "^1.6.7",
        "bare-path": "^3.0.0",
        "compact-encoding": "^3.1.0",
        "device-file": "^2.1.2",
        "flat-tree": "^1.12.1",
        "hypercore-crypto": "^3.4.2",
        "hyperschema": "^1.21.0",
        "index-encoder": "^3.3.2",
        "resolve-reject-promise": "^1.0.0",
        "rocksdb-native": "^3.18.0",
        "scope-lock": "^1.2.4",
        "streamx": "^2.21.1",
        "xache": "^1.2.1"
      }
    },
    "node_modules/hyperdht": {
      "version": "6.34.0",
      "resolved": "https://registry.npmjs.org/hyperdht/-/hyperdht-6.34.0.tgz",
      "integrity": "sha512-biDDqVvdznvXpS017W9xaUxLGizSZt23YItSmo69GEB4W3Cjzw/fQXHtV9vMJf770V4DqHR3GgxFjv7hBCSRCA==",
      "license": "MIT",
      "dependencies": {
        "@hyperswarm/secret-stream": "^6.6.2",
        "b4a": "^1.3.1",
        "bare-events": "^2.2.0",
        "blind-relay": "^1.3.0",
        "bogon": "^1.0.0",
        "compact-encoding": "^3.0.0",
        "dht-rpc": "^6.15.1",
        "hypercore-crypto": "^3.3.0",
        "hypercore-id-encoding": "^1.2.0",
        "hyperdht-address": "^1.0.1",
        "noise-curve-ed": "^2.0.0",
        "noise-handshake": "^4.0.0",
        "record-cache": "^1.1.1",
        "safety-catch": "^1.0.1",
        "signal-promise": "^1.0.3",
        "sodium-universal": "^5.0.1",
        "streamx": "^2.16.1",
        "unslab": "^1.3.0",
        "xache": "^1.1.0"
      },
      "bin": {
        "hyperdht": "bin.js"
      }
    },
    "node_modules/hyperdht-address": {
      "version": "1.1.1",
      "resolved": "https://registry.npmjs.org/hyperdht-address/-/hyperdht-address-1.1.1.tgz",
      "integrity": "sha512-Mu/+7SW2cwvHxMXswa5mOrhrS5BJyntViAuB25k8d8wNtA8eAPs4LaIq6TwN1SS/KQY02h1r+gM8cQeN/k360w==",
      "license": "Apache-2.0",
      "dependencies": {
        "compact-encoding": "^3.0.0",
        "hyperschema": "^1.20.1"
      }
    },
    "node_modules/hyperschema": {
      "version": "1.26.2",
      "resolved": "https://registry.npmjs.org/hyperschema/-/hyperschema-1.26.2.tgz",
      "integrity": "sha512-5Y7C5zCfH28yiK7RhuMl7VkWt24Mr0E5sp1r2ntd3Ab3+yOBdkDWau0/d/F5beC799Vd5e4xqIAu5NJLM7i//w==",
      "license": "Apache-2.0",
      "dependencies": {
        "bare-fs": "^4.0.1",
        "compact-encoding": "^3.5.0",
        "generate-object-property": "^2.0.0",
        "generate-string": "^1.0.1"
      }
    },
    "node_modules/hyperswarm": {
      "version": "4.17.2",
      "resolved": "https://registry.npmjs.org/hyperswarm/-/hyperswarm-4.17.2.tgz",
      "integrity": "sha512-yKTNgHjijwrmSj5neC2Lu5JyKDvj9gZK/zkVLySP6J2M7nF+uvFMoxzRlWKKjdySfZVHZXPLfhk4xAnpqibm5A==",
      "license": "MIT",
      "dependencies": {
        "b4a": "^1.3.1",
        "bare-events": "^2.2.0",
        "hyperdht": "^6.21.0",
        "safety-catch": "^1.0.2",
        "shuffled-priority-queue": "^2.1.0",
        "streamx": "^2.22.1",
        "unslab": "^1.3.0"
      }
    },
    "node_modules/index-encoder": {
      "version": "3.5.0",
      "resolved": "https://registry.npmjs.org/index-encoder/-/index-encoder-3.5.0.tgz",
      "integrity": "sha512-idZ1cxtZz2dRV6rUiaP9Xo99UjXbSzjcMacoQmxUMu/A7fEQcNPngvwDJYeWelQUS5XFlY71/or70lKn6XnwbQ==",
      "license": "Apache-2.0",
      "dependencies": {
        "b4a": "^1.6.4"
      }
    },
    "node_modules/is-options": {
      "version": "1.0.2",
      "license": "MIT",
      "dependencies": {
        "b4a": "^1.1.1"
      }
    },
    "node_modules/is-property": {
      "version": "1.0.2",
      "license": "MIT"
    },
    "node_modules/kademlia-routing-table": {
      "version": "1.0.6",
      "resolved": "https://registry.npmjs.org/kademlia-routing-table/-/kademlia-routing-table-1.0.6.tgz",
      "integrity": "sha512-Ve6jwIlUCYvUzBnXnzVRHDZCFgXURW9gmF3r7n05kZs/2rNbLHXwGdcq0qIaSwdmJCvtosgR4JensnVU65hzNQ==",
      "license": "MIT",
      "dependencies": {
        "bare-events": "^2.2.0"
      }
    },
    "node_modules/listen-async": {
      "version": "1.0.0",
      "license": "Apache-2.0"
    },
    "node_modules/multicast-dns": {
      "version": "7.2.5",
      "resolved": "https://registry.npmjs.org/multicast-dns/-/multicast-dns-7.2.5.tgz",
      "integrity": "sha512-2eznPJP8z2BFLX50tf0LuODrpINqP1RVIm/CObbTcBRITQgmC/TjcREF1NeTBzIcR5XO/ukWo+YHOjBbFwIupg==",
      "license": "MIT",
      "dependencies": {
        "dns-packet": "^5.2.2",
        "thunky": "^1.0.2"
      },
      "bin": {
        "multicast-dns": "cli.js"
      }
    },
    "node_modules/mutexify": {
      "version": "1.4.0",
      "license": "MIT",
      "dependencies": {
        "queue-tick": "^1.0.0"
      }
    },
    "node_modules/nanoassert": {
      "version": "2.0.0",
      "license": "ISC"
    },
    "node_modules/nat-sampler": {
      "version": "1.0.1",
      "resolved": "https://registry.npmjs.org/nat-sampler/-/nat-sampler-1.0.1.tgz",
      "integrity": "sha512-yQvyNN7xbqR8crTKk3U8gRgpcV1Az+vfCEijiHu9oHHsnIl8n3x+yXNHl42M6L3czGynAVoOT9TqBfS87gDdcw==",
      "license": "MIT"
    },
    "node_modules/noise-curve-ed": {
      "version": "2.1.0",
      "license": "ISC",
      "dependencies": {
        "b4a": "^1.1.0",
        "nanoassert": "^2.0.0",
        "sodium-universal": "^5.0.0"
      }
    },
    "node_modules/noise-handshake": {
      "version": "4.2.0",
      "license": "Apache-2.0",
      "dependencies": {
        "b4a": "^1.1.0",
        "nanoassert": "^2.0.0",
        "sodium-universal": "^5.0.0"
      }
    },
    "node_modules/protocol-buffers-encodings": {
      "version": "1.2.0",
      "license": "MIT",
      "dependencies": {
        "b4a": "^1.6.0",
        "signed-varint": "^2.0.1",
        "varint": "5.0.0"
      }
    },
    "node_modules/protomux": {
      "version": "3.11.0",
      "license": "MIT",
      "dependencies": {
        "b4a": "^1.3.1",
        "compact-encoding": "^3.0.0",
        "queue-tick": "^1.0.0",
        "safety-catch": "^1.0.1",
        "unslab": "^1.3.0"
      }
    },
    "node_modules/protomux-wakeup": {
      "version": "2.9.0",
      "resolved": "https://registry.npmjs.org/protomux-wakeup/-/protomux-wakeup-2.9.0.tgz",
      "integrity": "sha512-K93WhS9qIRL8WAQPU2V3PxdpQ1oRlQCFyCyIYInoq/iRkcuO1BegRERWo7SS1Tcme14VKGWOr/IivjjYnHan3Q==",
      "license": "Apache-2.0",
      "dependencies": {
        "b4a": "^1.6.7",
        "hypercore-crypto": "^3.5.0",
        "hyperschema": "^1.10.4",
        "protomux": "^3.10.1"
      }
    },
    "node_modules/queue-tick": {
      "version": "1.0.1",
      "license": "MIT"
    },
    "node_modules/quickbit-native": {
      "version": "2.4.8",
      "license": "Apache-2.0",
      "optional": true,
      "dependencies": {
        "require-addon": "^1.1.0"
      }
    },
    "node_modules/quickbit-universal": {
      "version": "2.2.0",
      "license": "ISC",
      "dependencies": {
        "b4a": "^1.6.0",
        "simdle-universal": "^1.1.0"
      },
      "optionalDependencies": {
        "quickbit-native": "^2.2.0"
      }
    },
    "node_modules/rache": {
      "version": "1.0.0",
      "license": "Apache-2.0"
    },
    "node_modules/random-array-iterator": {
      "version": "1.0.0",
      "license": "MIT"
    },
    "node_modules/read-write-mutexify": {
      "version": "2.1.0",
      "resolved": "https://registry.npmjs.org/read-write-mutexify/-/read-write-mutexify-2.1.0.tgz",
      "integrity": "sha512-fDw/p5/acI1ytVY1UbxEDma/ej1yJH/n9NcjS9YNzcE6sPBPWdlru3ydRa/UBowUg4zqOvNMD5SOGYJrlQ6MzQ==",
      "license": "MIT"
    },
    "node_modules/ready-guard": {
      "version": "1.0.0",
      "resolved": "https://registry.npmjs.org/ready-guard/-/ready-guard-1.0.0.tgz",
      "integrity": "sha512-B9M3FQjxgsjfqMJYvZUmXwz48vQGzpioh7t+GhDOvkF2g2WrnJfevRKFFfjYyR16T5ywqFiLlX2V/11RdPhcbg==",
      "license": "Apache-2.0",
      "dependencies": {
        "resolve-reject-promise": "^1.1.0"
      }
    },
    "node_modules/ready-resource": {
      "version": "1.2.0",
      "license": "MIT",
      "dependencies": {
        "bare-events": "^2.2.0"
      }
    },
    "node_modules/record-cache": {
      "version": "1.2.0",
      "resolved": "https://registry.npmjs.org/record-cache/-/record-cache-1.2.0.tgz",
      "integrity": "sha512-kyy3HWCez2WrotaL3O4fTn0rsIdfRKOdQQcEJ9KpvmKmbffKVvwsloX063EgRUlpJIXHiDQFhJcTbZequ2uTZw==",
      "license": "MIT",
      "dependencies": {
        "b4a": "^1.3.1"
      }
    },
    "node_modules/refcounter": {
      "version": "1.0.0",
      "resolved": "https://registry.npmjs.org/refcounter/-/refcounter-1.0.0.tgz",
      "integrity": "sha512-1WosVzUy0kPUaPMEtlNDwm99UsteALIhXXR8rerELoa63WkYIXAl0hxgwPFrIYBRWZPGUyekQ04FRtPJ7dHk9w==",
      "license": "Apache-2.0"
    },
    "node_modules/require-addon": {
      "version": "1.2.0",
      "license": "Apache-2.0",
      "dependencies": {
        "bare-addon-resolve": "^1.3.0"
      },
      "engines": {
        "bare": ">=1.10.0"
      }
    },
    "node_modules/resolve-reject-promise": {
      "version": "1.1.0",
      "license": "MIT"
    },
    "node_modules/resource-on-exit": {
      "version": "1.0.0",
      "resolved": "https://registry.npmjs.org/resource-on-exit/-/resource-on-exit-1.0.0.tgz",
      "integrity": "sha512-ViJwJAknCkLRJRPR+9SISQQ7R5eRgtdIHLJsM2hHx1MweAJbJxJ5XnMjjq0Lc7ZGv44ufzAqds1nKxiVkdy4ag==",
      "license": "Apache-2.0"
    },
    "node_modules/rocksdb-native": {
      "version": "3.18.1",
      "resolved": "https://registry.npmjs.org/rocksdb-native/-/rocksdb-native-3.18.1.tgz",
      "integrity": "sha512-k882kJpvYXzfnLdXcItUGgLKH0EL7DFkQHACYgEqlnJQXtGudvuW7ooDZ/ZcnEUq0if2q6GNrDwsz7ePZoXcEA==",
      "license": "Apache-2.0",
      "dependencies": {
        "compact-encoding": "^3.0.0",
        "ready-resource": "^1.0.0",
        "refcounter": "^1.0.0",
        "require-addon": "^1.0.2",
        "resolve-reject-promise": "^1.1.0",
        "signal-promise": "^1.0.3",
        "streamx": "^2.16.1"
      },
      "engines": {
        "bare": ">=1.16.0"
      }
    },
    "node_modules/safety-catch": {
      "version": "1.0.3",
      "license": "MIT"
    },
    "node_modules/scope-lock": {
      "version": "1.2.4",
      "license": "Apache-2.0"
    },
    "node_modules/shuffled-priority-queue": {
      "version": "2.1.0",
      "resolved": "https://registry.npmjs.org/shuffled-priority-queue/-/shuffled-priority-queue-2.1.0.tgz",
      "integrity": "sha512-xhdh7fHyMsr0m/w2kDfRJuBFRS96b9l8ZPNWGaQ+PMvnUnZ/Eh+gJJ9NsHBd7P9k0399WYlCLzsy18EaMfyadA==",
      "license": "MIT",
      "dependencies": {
        "unordered-set": "^2.0.1"
      }
    },
    "node_modules/signal-promise": {
      "version": "1.0.3",
      "license": "MIT"
    },
    "node_modules/signed-varint": {
      "version": "2.0.1",
      "license": "MIT",
      "dependencies": {
        "varint": "~5.0.0"
      }
    },
    "node_modules/simdle-native": {
      "version": "1.3.9",
      "license": "Apache-2.0",
      "optional": true,
      "dependencies": {
        "b4a": "^1.6.0",
        "require-addon": "^1.1.0"
      }
    },
    "node_modules/simdle-universal": {
      "version": "1.1.2",
      "license": "ISC",
      "dependencies": {
        "b4a": "^1.6.0"
      },
      "optionalDependencies": {
        "simdle-native": "^1.1.1"
      }
    },
    "node_modules/sodium-native": {
      "version": "5.1.0",
      "license": "MIT",
      "dependencies": {
        "bare-assert": "^1.2.0",
        "require-addon": "^1.1.0",
        "which-runtime": "^1.2.1"
      },
      "engines": {
        "bare": ">=1.16.0"
      }
    },
    "node_modules/sodium-secretstream": {
      "version": "1.2.0",
      "license": "MIT",
      "dependencies": {
        "b4a": "^1.1.1",
        "sodium-universal": "^5.0.0"
      }
    },
    "node_modules/sodium-universal": {
      "version": "5.0.1",
      "license": "MIT",
      "dependencies": {
        "sodium-native": "^5.0.1"
      },
      "peerDependencies": {
        "sodium-javascript": "~0.8.0"
      },
      "peerDependenciesMeta": {
        "sodium-javascript": {
          "optional": true
        }
      }
    },
    "node_modules/speedometer": {
      "version": "1.1.0",
      "license": "MIT"
    },
    "node_modules/streamx": {
      "version": "2.28.0",
      "license": "MIT",
      "dependencies": {
        "events-universal": "^1.0.0",
        "fast-fifo": "^1.3.2",
        "text-decoder": "^1.1.0"
      }
    },
    "node_modules/sub-encoder": {
      "version": "2.1.3",
      "license": "Apache-2.0",
      "dependencies": {
        "b4a": "^1.6.0",
        "codecs": "^3.1.0"
      }
    },
    "node_modules/teex": {
      "version": "1.0.1",
      "license": "MIT",
      "dependencies": {
        "streamx": "^2.12.5"
      }
    },
    "node_modules/text-decoder": {
      "version": "1.2.7",
      "license": "Apache-2.0",
      "dependencies": {
        "b4a": "^1.6.4"
      }
    },
    "node_modules/thunky": {
      "version": "1.1.0",
      "resolved": "https://registry.npmjs.org/thunky/-/thunky-1.1.0.tgz",
      "integrity": "sha512-eHY7nBftgThBqOyHGVN+l8gF0BucP09fMo0oO/Lb0w1OF80dJv+lDVpXG60WMQvkcxAkNybKsrEIE3ZtKGmPrA==",
      "license": "MIT"
    },
    "node_modules/time-ordered-set": {
      "version": "2.0.1",
      "resolved": "https://registry.npmjs.org/time-ordered-set/-/time-ordered-set-2.0.1.tgz",
      "integrity": "sha512-VJEKmgSN2UiOLB8BpN8Sh2b9LGMHTP5OPrQRpnKjvOheOyzk0mufbjzjKTIG2gO4A+Y+vDJ+0TcLbpUmMLsg8A==",
      "license": "MIT"
    },
    "node_modules/timeout-refresh": {
      "version": "2.0.1",
      "license": "MIT"
    },
    "node_modules/udx-native": {
      "version": "1.21.3",
      "resolved": "https://registry.npmjs.org/udx-native/-/udx-native-1.21.3.tgz",
      "integrity": "sha512-2rUrocAjI2/0ijFqb0E3R6PH3AoH+o5ZhaL3lGm/bHCRGaqPnGhywTOMPM2ByYEXscsZsj5svhmSbY1ogxGGbg==",
      "license": "Apache-2.0",
      "dependencies": {
        "b4a": "^1.5.0",
        "bare-events": "^2.2.0",
        "require-addon": "^1.1.0",
        "streamx": "^2.22.0"
      },
      "engines": {
        "bare": ">=1.17.4"
      }
    },
    "node_modules/unix-path-resolve": {
      "version": "1.0.2",
      "license": "MIT"
    },
    "node_modules/unordered-set": {
      "version": "2.0.1",
      "resolved": "https://registry.npmjs.org/unordered-set/-/unordered-set-2.0.1.tgz",
      "integrity": "sha512-eUmNTPzdx+q/WvOHW0bgGYLWvWHNT3PTKEQLg0MAQhc0AHASHVHoP/9YytYd4RBVariqno/mEUhVZN98CmD7bg==",
      "license": "MIT"
    },
    "node_modules/unslab": {
      "version": "1.3.0",
      "license": "Apache-2.0",
      "dependencies": {
        "b4a": "^1.6.6"
      }
    },
    "node_modules/varint": {
      "version": "5.0.0",
      "license": "MIT"
    },
    "node_modules/which-runtime": {
      "version": "1.4.0",
      "license": "Apache-2.0"
    },
    "node_modules/xache": {
      "version": "1.2.1",
      "license": "MIT"
    },
    "node_modules/z32": {
      "version": "1.1.0",
      "license": "MIT",
      "dependencies": {
        "b4a": "^1.5.3"
      }
    }
  }
}
