{
  "name": "@peartube/platform",
  "version": "0.1.185",
  "lockfileVersion": 3,
  "requires": true,
  "packages": {
    "": {
      "name": "@peartube/platform",
      "version": "0.1.185",
      "dependencies": {
        "@peartube/host": "file:../host",
        "@peartube/spec": "file:../spec"
      },
      "devDependencies": {
        "typescript": "^5.9.0"
      },
      "peerDependencies": {
        "expo-file-system": "*",
        "react-native-bare-kit": "*"
      },
      "peerDependenciesMeta": {
        "expo-file-system": {
          "optional": true
        },
        "react-native-bare-kit": {
          "optional": true
        }
      }
    },
    "../host": {
      "name": "@peartube/host",
      "version": "0.1.185",
      "dependencies": {
        "@peartube/backend": "file:../backend",
        "@peartube/spec": "file:../spec"
      },
      "devDependencies": {
        "brittle": "^3.19.1"
      }
    },
    "../protocol": {
      "name": "@peartube/protocol",
      "version": "0.1.185",
      "extraneous": true,
      "dependencies": {
        "@peartube/host": "file:../host",
        "@peartube/spec": "file:../spec"
      },
      "devDependencies": {
        "brittle": "^3.19.1"
      }
    },
    "../spec": {
      "name": "@peartube/spec",
      "version": "0.1.185",
      "dependencies": {
        "hrpc": "^4.3.0",
        "hyperschema": "^1.20.1"
      },
      "devDependencies": {
        "brittle": "^3.19.1"
      }
    },
    "node_modules/@peartube/host": {
      "resolved": "../host",
      "link": true
    },
    "node_modules/@peartube/spec": {
      "resolved": "../spec",
      "link": true
    },
    "node_modules/typescript": {
      "version": "5.9.3",
      "resolved": "https://registry.npmjs.org/typescript/-/typescript-5.9.3.tgz",
      "integrity": "sha512-jl1vZzPDinLr9eUt3J/t7V6FgNEw9QjvBPdysz9KfQDD41fQrC2Y4vKQdiaUpFT4bXlb1RHhLpp8wtm6M5TgSw==",
      "dev": true,
      "license": "Apache-2.0",
      "bin": {
        "tsc": "bin/tsc",
        "tsserver": "bin/tsserver"
      },
      "engines": {
        "node": ">=14.17"
      }
    }
  }
}
